// !$*UTF8*$!
{
	archiveVersion = 1;
	classes = {
	};
	objectVersion = 77;
	objects = {

/* Begin PBXBuildFile section */
		F9C9DAE52E0AA15A00AC6E59 /* FirebaseAuth in Frameworks */ = {isa = PBXBuildFile; productRef = F9C9DAE42E0AA15A00AC6E59 /* FirebaseAuth */; };
		F9C9DAE72E0AA15A00AC6E59 /* FirebaseCore in Frameworks */ = {isa = PBXBuildFile; productRef = F9C9DAE62E0AA15A00AC6E59 /* FirebaseCore */; };
		F9C9DAEB2E0AA24900AC6E59 /* FirebaseFirestore in Frameworks */ = {isa = PBXBuildFile; productRef = F9C9DAEA2E0AA24900AC6E59 /* FirebaseFirestore */; };
		F9C9DBAE2E0F7B2D00AC6E59 /* FirebaseAI in Frameworks */ = {isa = PBXBuildFile; productRef = F9C9DBAD2E0F7B2D00AC6E59 /* FirebaseAI */; };
		F9C9DBB02E0F7B2D00AC6E59 /* FirebaseAnalytics in Frameworks */ = {isa = PBXBuildFile; productRef = F9C9DBAF2E0F7B2D00AC6E59 /* FirebaseAnalytics */; };
		F9C9DBB22E0F7B2D00AC6E59 /* FirebaseAnalyticsCore in Frameworks */ = {isa = PBXBuildFile; productRef = F9C9DBB12E0F7B2D00AC6E59 /* FirebaseAnalyticsCore */; };
		F9C9DBB42E0F7B2D00AC6E59 /* FirebaseAnalyticsIdentitySupport in Frameworks */ = {isa = PBXBuildFile; productRef = F9C9DBB32E0F7B2D00AC6E59 /* FirebaseAnalyticsIdentitySupport */; };
		F9C9DBB62E0F7B2D00AC6E59 /* FirebaseAnalyticsOnDeviceConversion in Frameworks */ = {isa = PBXBuildFile; productRef = F9C9DBB52E0F7B2D00AC6E59 /* FirebaseAnalyticsOnDeviceConversion */; };
		F9C9DBB82E0F7B2D00AC6E59 /* FirebaseAnalyticsWithoutAdIdSupport in Frameworks */ = {isa = PBXBuildFile; productRef = F9C9DBB72E0F7B2D00AC6E59 /* FirebaseAnalyticsWithoutAdIdSupport */; };
		F9C9DBBA2E0F7B2D00AC6E59 /* FirebaseAppCheck in Frameworks */ = {isa = PBXBuildFile; productRef = F9C9DBB92E0F7B2D00AC6E59 /* FirebaseAppCheck */; };
		F9C9DBBE2E0F7B2D00AC6E59 /* FirebaseAuthCombine-Community in Frameworks */ = {isa = PBXBuildFile; productRef = F9C9DBBD2E0F7B2D00AC6E59 /* FirebaseAuthCombine-Community */; };
		F9C9DBC02E0F7B2D00AC6E59 /* FirebaseCrashlytics in Frameworks */ = {isa = PBXBuildFile; productRef = F9C9DBBF2E0F7B2D00AC6E59 /* FirebaseCrashlytics */; };
		F9C9DBC22E0F7B2D00AC6E59 /* FirebaseDatabase in Frameworks */ = {isa = PBXBuildFile; productRef = F9C9DBC12E0F7B2D00AC6E59 /* FirebaseDatabase */; };
		F9C9DBC42E0F7B2D00AC6E59 /* FirebaseDynamicLinks in Frameworks */ = {isa = PBXBuildFile; productRef = F9C9DBC32E0F7B2D00AC6E59 /* FirebaseDynamicLinks */; };
		F9C9DBC62E0F7B2D00AC6E59 /* FirebaseFirestoreCombine-Community in Frameworks */ = {isa = PBXBuildFile; productRef = F9C9DBC52E0F7B2D00AC6E59 /* FirebaseFirestoreCombine-Community */; };
		F9C9DBC82E0F7B2D00AC6E59 /* FirebaseFunctions in Frameworks */ = {isa = PBXBuildFile; productRef = F9C9DBC72E0F7B2D00AC6E59 /* FirebaseFunctions */; };
		F9C9DBCA2E0F7B2D00AC6E59 /* FirebaseFunctionsCombine-Community in Frameworks */ = {isa = PBXBuildFile; productRef = F9C9DBC92E0F7B2D00AC6E59 /* FirebaseFunctionsCombine-Community */; };
		F9C9DBCE2E0F7B2D00AC6E59 /* FirebaseInstallations in Frameworks */ = {isa = PBXBuildFile; productRef = F9C9DBCD2E0F7B2D00AC6E59 /* FirebaseInstallations */; };
		F9C9DBD02E0F7B2D00AC6E59 /* FirebaseMLModelDownloader in Frameworks */ = {isa = PBXBuildFile; productRef = F9C9DBCF2E0F7B2D00AC6E59 /* FirebaseMLModelDownloader */; };
		F9C9DBD22E0F7B2D00AC6E59 /* FirebaseMessaging in Frameworks */ = {isa = PBXBuildFile; productRef = F9C9DBD12E0F7B2D00AC6E59 /* FirebaseMessaging */; };
		F9C9DBD42E0F7B2D00AC6E59 /* FirebasePerformance in Frameworks */ = {isa = PBXBuildFile; productRef = F9C9DBD32E0F7B2D00AC6E59 /* FirebasePerformance */; };
		F9C9DBD62E0F7B2D00AC6E59 /* FirebaseRemoteConfig in Frameworks */ = {isa = PBXBuildFile; productRef = F9C9DBD52E0F7B2D00AC6E59 /* FirebaseRemoteConfig */; };
		F9C9DBD82E0F7B2D00AC6E59 /* FirebaseStorage in Frameworks */ = {isa = PBXBuildFile; productRef = F9C9DBD72E0F7B2D00AC6E59 /* FirebaseStorage */; };
		F9C9DBDA2E0F7B2D00AC6E59 /* FirebaseStorageCombine-Community in Frameworks */ = {isa = PBXBuildFile; productRef = F9C9DBD92E0F7B2D00AC6E59 /* FirebaseStorageCombine-Community */; };
		F9C9DBDC2E0F7B2D00AC6E59 /* FirebaseVertexAI in Frameworks */ = {isa = PBXBuildFile; productRef = F9C9DBDB2E0F7B2D00AC6E59 /* FirebaseVertexAI */; };
		F9EF63EA2E144B0D00BE2D9C /* Kingfisher in Frameworks */ = {isa = PBXBuildFile; productRef = F9EF63E92E144B0D00BE2D9C /* Kingfisher */; };
/* End PBXBuildFile section */

/* Begin PBXContainerItemProxy section */
		F92AB74B2E028DEF00F98574 /* PBXContainerItemProxy */ = {
			isa = PBXContainerItemProxy;
			containerPortal = F92AB7352E028DEB00F98574 /* Project object */;
			proxyType = 1;
			remoteGlobalIDString = F92AB73C2E028DEB00F98574;
			remoteInfo = "Restaurant Demo";
		};
		F92AB7552E028DEF00F98574 /* PBXContainerItemProxy */ = {
			isa = PBXContainerItemProxy;
			containerPortal = F92AB7352E028DEB00F98574 /* Project object */;
			proxyType = 1;
			remoteGlobalIDString = F92AB73C2E028DEB00F98574;
			remoteInfo = "Restaurant Demo";
		};
/* End PBXContainerItemProxy section */

/* Begin PBXFileReference section */
		F92AB73D2E028DEB00F98574 /* Restaurant Demo.app */ = {isa = PBXFileReference; explicitFileType = wrapper.application; includeInIndex = 0; path = "Restaurant Demo.app"; sourceTree = BUILT_PRODUCTS_DIR; };
		F92AB74A2E028DEF00F98574 /* Restaurant DemoTests.xctest */ = {isa = PBXFileReference; explicitFileType = wrapper.cfbundle; includeInIndex = 0; path = "Restaurant DemoTests.xctest"; sourceTree = BUILT_PRODUCTS_DIR; };
		F92AB7542E028DEF00F98574 /* Restaurant DemoUITests.xctest */ = {isa = PBXFileReference; explicitFileType = wrapper.cfbundle; includeInIndex = 0; path = "Restaurant DemoUITests.xctest"; sourceTree = BUILT_PRODUCTS_DIR; };
/* End PBXFileReference section */

/* Begin PBXFileSystemSynchronizedBuildFileExceptionSet section */
		F9156CF92E385C4C00CDBAAA /* Exceptions for "Restaurant Demo" folder in "Restaurant Demo" target */ = {
			isa = PBXFileSystemSynchronizedBuildFileExceptionSet;
			membershipExceptions = (
				"Restaurant Demo/RewardsViewModel.swift",
			);
			target = F92AB73C2E028DEB00F98574 /* Restaurant Demo */;
		};
/* End PBXFileSystemSynchronizedBuildFileExceptionSet section */

/* Begin PBXFileSystemSynchronizedRootGroup section */
		F92AB73F2E028DEB00F98574 /* Restaurant Demo */ = {
			isa = PBXFileSystemSynchronizedRootGroup;
			exceptions = (
				F9156CF92E385C4C00CDBAAA /* Exceptions for "Restaurant Demo" folder in "Restaurant Demo" target */,
			);
			path = "Restaurant Demo";
			sourceTree = "<group>";
		};
		F92AB74D2E028DEF00F98574 /* Restaurant DemoTests */ = {
			isa = PBXFileSystemSynchronizedRootGroup;
			path = "Restaurant DemoTests";
			sourceTree = "<group>";
		};
		F92AB7572E028DEF00F98574 /* Restaurant DemoUITests */ = {
			isa = PBXFileSystemSynchronizedRootGroup;
			path = "Restaurant DemoUITests";
			sourceTree = "<group>";
		};
/* End PBXFileSystemSynchronizedRootGroup section */

/* Begin PBXFrameworksBuildPhase section */
		F92AB73A2E028DEB00F98574 /* Frameworks */ = {
			isa = PBXFrameworksBuildPhase;
			buildActionMask = 2147483647;
			files = (
				F9C9DBD62E0F7B2D00AC6E59 /* FirebaseRemoteConfig in Frameworks */,
				F9C9DBD22E0F7B2D00AC6E59 /* FirebaseMessaging in Frameworks */,
				F9C9DBBA2E0F7B2D00AC6E59 /* FirebaseAppCheck in Frameworks */,
				F9C9DBB42E0F7B2D00AC6E59 /* FirebaseAnalyticsIdentitySupport in Frameworks */,
				F9C9DBB62E0F7B2D00AC6E59 /* FirebaseAnalyticsOnDeviceConversion in Frameworks */,
				F9C9DBB02E0F7B2D00AC6E59 /* FirebaseAnalytics in Frameworks */,
				F9C9DBAE2E0F7B2D00AC6E59 /* FirebaseAI in Frameworks */,
				F9C9DBD42E0F7B2D00AC6E59 /* FirebasePerformance in Frameworks */,
				F9C9DBC02E0F7B2D00AC6E59 /* FirebaseCrashlytics in Frameworks */,
				F9C9DBC62E0F7B2D00AC6E59 /* FirebaseFirestoreCombine-Community in Frameworks */,
				F9EF63EA2E144B0D00BE2D9C /* Kingfisher in Frameworks */,
				F9C9DBC82E0F7B2D00AC6E59 /* FirebaseFunctions in Frameworks */,
				F9C9DBDC2E0F7B2D00AC6E59 /* FirebaseVertexAI in Frameworks */,
				F9C9DBCE2E0F7B2D00AC6E59 /* FirebaseInstallations in Frameworks */,
				F9C9DBB82E0F7B2D00AC6E59 /* FirebaseAnalyticsWithoutAdIdSupport in Frameworks */,
				F9C9DBC42E0F7B2D00AC6E59 /* FirebaseDynamicLinks in Frameworks */,
				F9C9DBC22E0F7B2D00AC6E59 /* FirebaseDatabase in Frameworks */,
				F9C9DBDA2E0F7B2D00AC6E59 /* FirebaseStorageCombine-Community in Frameworks */,
				F9C9DBB22E0F7B2D00AC6E59 /* FirebaseAnalyticsCore in Frameworks */,
				F9C9DBCA2E0F7B2D00AC6E59 /* FirebaseFunctionsCombine-Community in Frameworks */,
				F9C9DAE72E0AA15A00AC6E59 /* FirebaseCore in Frameworks */,
				F9C9DBD82E0F7B2D00AC6E59 /* FirebaseStorage in Frameworks */,
				F9C9DAE52E0AA15A00AC6E59 /* FirebaseAuth in Frameworks */,
				F9C9DBD02E0F7B2D00AC6E59 /* FirebaseMLModelDownloader in Frameworks */,
				F9C9DBBE2E0F7B2D00AC6E59 /* FirebaseAuthCombine-Community in Frameworks */,
				F9C9DAEB2E0AA24900AC6E59 /* FirebaseFirestore in Frameworks */,
			);
			runOnlyForDeploymentPostprocessing = 0;
		};
		F92AB7472E028DEF00F98574 /* Frameworks */ = {
			isa = PBXFrameworksBuildPhase;
			buildActionMask = 2147483647;
			files = (
			);
			runOnlyForDeploymentPostprocessing = 0;
		};
		F92AB7512E028DEF00F98574 /* Frameworks */ = {
			isa = PBXFrameworksBuildPhase;
			buildActionMask = 2147483647;
			files = (
			);
			runOnlyForDeploymentPostprocessing = 0;
		};
/* End PBXFrameworksBuildPhase section */

/* Begin PBXGroup section */
		F92AB7342E028DEB00F98574 = {
			isa = PBXGroup;
			children = (
				F92AB73F2E028DEB00F98574 /* Restaurant Demo */,
				F92AB74D2E028DEF00F98574 /* Restaurant DemoTests */,
				F92AB7572E028DEF00F98574 /* Restaurant DemoUITests */,
				F9EF63E72E144AD200BE2D9C /* Frameworks */,
				F92AB73E2E028DEB00F98574 /* Products */,
			);
			sourceTree = "<group>";
		};
		F92AB73E2E028DEB00F98574 /* Products */ = {
			isa = PBXGroup;
			children = (
				F92AB73D2E028DEB00F98574 /* Restaurant Demo.app */,
				F92AB74A2E028DEF00F98574 /* Restaurant DemoTests.xctest */,
				F92AB7542E028DEF00F98574 /* Restaurant DemoUITests.xctest */,
			);
			name = Products;
			sourceTree = "<group>";
		};
		F9EF63E72E144AD200BE2D9C /* Frameworks */ = {
			isa = PBXGroup;
			children = (
			);
			name = Frameworks;
			sourceTree = "<group>";
		};
/* End PBXGroup section */

/* Begin PBXNativeTarget section */
		F92AB73C2E028DEB00F98574 /* Restaurant Demo */ = {
			isa = PBXNativeTarget;
			buildConfigurationList = F92AB75E2E028DEF00F98574 /* Build configuration list for PBXNativeTarget "Restaurant Demo" */;
			buildPhases = (
				F92AB7392E028DEB00F98574 /* Sources */,
				F92AB73A2E028DEB00F98574 /* Frameworks */,
				F92AB73B2E028DEB00F98574 /* Resources */,
			);
			buildRules = (
			);
			dependencies = (
			);
			fileSystemSynchronizedGroups = (
				F92AB73F2E028DEB00F98574 /* Restaurant Demo */,
			);
			name = "Restaurant Demo";
			packageProductDependencies = (
				F9C9DAE42E0AA15A00AC6E59 /* FirebaseAuth */,
				F9C9DAE62E0AA15A00AC6E59 /* FirebaseCore */,
				F9C9DAEA2E0AA24900AC6E59 /* FirebaseFirestore */,
				F9C9DBAD2E0F7B2D00AC6E59 /* FirebaseAI */,
				F9C9DBAF2E0F7B2D00AC6E59 /* FirebaseAnalytics */,
				F9C9DBB12E0F7B2D00AC6E59 /* FirebaseAnalyticsCore */,
				F9C9DBB32E0F7B2D00AC6E59 /* FirebaseAnalyticsIdentitySupport */,
				F9C9DBB52E0F7B2D00AC6E59 /* FirebaseAnalyticsOnDeviceConversion */,
				F9C9DBB72E0F7B2D00AC6E59 /* FirebaseAnalyticsWithoutAdIdSupport */,
				F9C9DBB92E0F7B2D00AC6E59 /* FirebaseAppCheck */,
				F9C9DBBD2E0F7B2D00AC6E59 /* FirebaseAuthCombine-Community */,
				F9C9DBBF2E0F7B2D00AC6E59 /* FirebaseCrashlytics */,
				F9C9DBC12E0F7B2D00AC6E59 /* FirebaseDatabase */,
				F9C9DBC32E0F7B2D00AC6E59 /* FirebaseDynamicLinks */,
				F9C9DBC52E0F7B2D00AC6E59 /* FirebaseFirestoreCombine-Community */,
				F9C9DBC72E0F7B2D00AC6E59 /* FirebaseFunctions */,
				F9C9DBC92E0F7B2D00AC6E59 /* FirebaseFunctionsCombine-Community */,
				F9C9DBCD2E0F7B2D00AC6E59 /* FirebaseInstallations */,
				F9C9DBCF2E0F7B2D00AC6E59 /* FirebaseMLModelDownloader */,
				F9C9DBD12E0F7B2D00AC6E59 /* FirebaseMessaging */,
				F9C9DBD32E0F7B2D00AC6E59 /* FirebasePerformance */,
				F9C9DBD52E0F7B2D00AC6E59 /* FirebaseRemoteConfig */,
				F9C9DBD72E0F7B2D00AC6E59 /* FirebaseStorage */,
				F9C9DBD92E0F7B2D00AC6E59 /* FirebaseStorageCombine-Community */,
				F9C9DBDB2E0F7B2D00AC6E59 /* FirebaseVertexAI */,
				F9EF63E92E144B0D00BE2D9C /* Kingfisher */,
			);
			productName = "Restaurant Demo";
			productReference = F92AB73D2E028DEB00F98574 /* Restaurant Demo.app */;
			productType = "com.apple.product-type.application";
		};
		F92AB7492E028DEF00F98574 /* Restaurant DemoTests */ = {
			isa = PBXNativeTarget;
			buildConfigurationList = F92AB7612E028DEF00F98574 /* Build configuration list for PBXNativeTarget "Restaurant DemoTests" */;
			buildPhases = (
				F92AB7462E028DEF00F98574 /* Sources */,
				F92AB7472E028DEF00F98574 /* Frameworks */,
				F92AB7482E028DEF00F98574 /* Resources */,
			);
			buildRules = (
			);
			dependencies = (
				F92AB74C2E028DEF00F98574 /* PBXTargetDependency */,
			);
			fileSystemSynchronizedGroups = (
				F92AB74D2E028DEF00F98574 /* Restaurant DemoTests */,
			);
			name = "Restaurant DemoTests";
			packageProductDependencies = (
			);
			productName = "Restaurant DemoTests";
			productReference = F92AB74A2E028DEF00F98574 /* Restaurant DemoTests.xctest */;
			productType = "com.apple.product-type.bundle.unit-test";
		};
		F92AB7532E028DEF00F98574 /* Restaurant DemoUITests */ = {
			isa = PBXNativeTarget;
			buildConfigurationList = F92AB7642E028DEF00F98574 /* Build configuration list for PBXNativeTarget "Restaurant DemoUITests" */;
			buildPhases = (
				F92AB7502E028DEF00F98574 /* Sources */,
				F92AB7512E028DEF00F98574 /* Frameworks */,
				F92AB7522E028DEF00F98574 /* Resources */,
			);
			buildRules = (
			);
			dependencies = (
				F92AB7562E028DEF00F98574 /* PBXTargetDependency */,
			);
			fileSystemSynchronizedGroups = (
				F92AB7572E028DEF00F98574 /* Restaurant DemoUITests */,
			);
			name = "Restaurant DemoUITests";
			packageProductDependencies = (
			);
			productName = "Restaurant DemoUITests";
			productReference = F92AB7542E028DEF00F98574 /* Restaurant DemoUITests.xctest */;
			productType = "com.apple.product-type.bundle.ui-testing";
		};
/* End PBXNativeTarget section */

/* Begin PBXProject section */
		F92AB7352E028DEB00F98574 /* Project object */ = {
			isa = PBXProject;
			attributes = {
				BuildIndependentTargetsInParallel = 1;
				LastSwiftUpdateCheck = 1640;
				LastUpgradeCheck = 2600;
				TargetAttributes = {
					F92AB73C2E028DEB00F98574 = {
						CreatedOnToolsVersion = 16.4;
					};
					F92AB7492E028DEF00F98574 = {
						CreatedOnToolsVersion = 16.4;
						TestTargetID = F92AB73C2E028DEB00F98574;
					};
					F92AB7532E028DEF00F98574 = {
						CreatedOnToolsVersion = 16.4;
						TestTargetID = F92AB73C2E028DEB00F98574;
					};
				};
			};
			buildConfigurationList = F92AB7382E028DEB00F98574 /* Build configuration list for PBXProject "Restaurant Demo" */;
			developmentRegion = en;
			hasScannedForEncodings = 0;
			knownRegions = (
				en,
				Base,
			);
			mainGroup = F92AB7342E028DEB00F98574;
			minimizedProjectReferenceProxies = 1;
			packageReferences = (
				F9C9DAE32E0AA15A00AC6E59 /* XCRemoteSwiftPackageReference "firebase-ios-sdk" */,
				F9EF63E82E144B0D00BE2D9C /* XCRemoteSwiftPackageReference "Kingfisher" */,
			);
			preferredProjectObjectVersion = 77;
			productRefGroup = F92AB73E2E028DEB00F98574 /* Products */;
			projectDirPath = "";
			projectRoot = "";
			targets = (
				F92AB73C2E028DEB00F98574 /* Restaurant Demo */,
				F92AB7492E028DEF00F98574 /* Restaurant DemoTests */,
				F92AB7532E028DEF00F98574 /* Restaurant DemoUITests */,
			);
		};
/* End PBXProject section */

/* Begin PBXResourcesBuildPhase section */
		F92AB73B2E028DEB00F98574 /* Resources */ = {
			isa = PBXResourcesBuildPhase;
			buildActionMask = 2147483647;
			files = (
			);
			runOnlyForDeploymentPostprocessing = 0;
		};
		F92AB7482E028DEF00F98574 /* Resources */ = {
			isa = PBXResourcesBuildPhase;
			buildActionMask = 2147483647;
			files = (
			);
			runOnlyForDeploymentPostprocessing = 0;
		};
		F92AB7522E028DEF00F98574 /* Resources */ = {
			isa = PBXResourcesBuildPhase;
			buildActionMask = 2147483647;
			files = (
			);
			runOnlyForDeploymentPostprocessing = 0;
		};
/* End PBXResourcesBuildPhase section */

/* Begin PBXSourcesBuildPhase section */
		F92AB7392E028DEB00F98574 /* Sources */ = {
			isa = PBXSourcesBuildPhase;
			buildActionMask = 2147483647;
			files = (
			);
			runOnlyForDeploymentPostprocessing = 0;
		};
		F92AB7462E028DEF00F98574 /* Sources */ = {
			isa = PBXSourcesBuildPhase;
			buildActionMask = 2147483647;
			files = (
			);
			runOnlyForDeploymentPostprocessing = 0;
		};
		F92AB7502E028DEF00F98574 /* Sources */ = {
			isa = PBXSourcesBuildPhase;
			buildActionMask = 2147483647;
			files = (
			);
			runOnlyForDeploymentPostprocessing = 0;
		};
/* End PBXSourcesBuildPhase section */

/* Begin PBXTargetDependency section */
		F92AB74C2E028DEF00F98574 /* PBXTargetDependency */ = {
			isa = PBXTargetDependency;
			target = F92AB73C2E028DEB00F98574 /* Restaurant Demo */;
			targetProxy = F92AB74B2E028DEF00F98574 /* PBXContainerItemProxy */;
		};
		F92AB7562E028DEF00F98574 /* PBXTargetDependency */ = {
			isa = PBXTargetDependency;
			target = F92AB73C2E028DEB00F98574 /* Restaurant Demo */;
			targetProxy = F92AB7552E028DEF00F98574 /* PBXContainerItemProxy */;
		};
/* End PBXTargetDependency section */

/* Begin XCBuildConfiguration section */
		F92AB75C2E028DEF00F98574 /* Debug */ = {
			isa = XCBuildConfiguration;
			buildSettings = {
				ALWAYS_SEARCH_USER_PATHS = NO;
				ASSETCATALOG_COMPILER_GENERATE_SWIFT_ASSET_SYMBOL_EXTENSIONS = YES;
				CLANG_ANALYZER_NONNULL = YES;
				CLANG_ANALYZER_NUMBER_OBJECT_CONVERSION = YES_AGGRESSIVE;
				CLANG_CXX_LANGUAGE_STANDARD = "gnu++20";
				CLANG_ENABLE_MODULES = YES;
				CLANG_ENABLE_OBJC_ARC = YES;
				CLANG_ENABLE_OBJC_WEAK = YES;
				CLANG_WARN_BLOCK_CAPTURE_AUTORELEASING = YES;
				CLANG_WARN_BOOL_CONVERSION = YES;
				CLANG_WARN_COMMA = YES;
				CLANG_WARN_CONSTANT_CONVERSION = YES;
				CLANG_WARN_DEPRECATED_OBJC_IMPLEMENTATIONS = YES;
				CLANG_WARN_DIRECT_OBJC_ISA_USAGE = YES_ERROR;
				CLANG_WARN_DOCUMENTATION_COMMENTS = YES;
				CLANG_WARN_EMPTY_BODY = YES;
				CLANG_WARN_ENUM_CONVERSION = YES;
				CLANG_WARN_INFINITE_RECURSION = YES;
				CLANG_WARN_INT_CONVERSION = YES;
				CLANG_WARN_NON_LITERAL_NULL_CONVERSION = YES;
				CLANG_WARN_OBJC_IMPLICIT_RETAIN_SELF = YES;
				CLANG_WARN_OBJC_LITERAL_CONVERSION = YES;
				CLANG_WARN_OBJC_ROOT_CLASS = YES_ERROR;
				CLANG_WARN_QUOTED_INCLUDE_IN_FRAMEWORK_HEADER = YES;
				CLANG_WARN_RANGE_LOOP_ANALYSIS = YES;
				CLANG_WARN_STRICT_PROTOTYPES = YES;
				CLANG_WARN_SUSPICIOUS_MOVE = YES;
				CLANG_WARN_UNGUARDED_AVAILABILITY = YES_AGGRESSIVE;
				CLANG_WARN_UNREACHABLE_CODE = YES;
				CLANG_WARN__DUPLICATE_METHOD_MATCH = YES;
				COPY_PHASE_STRIP = NO;
				DEBUG_INFORMATION_FORMAT = dwarf;
				ENABLE_STRICT_OBJC_MSGSEND = YES;
				ENABLE_TESTABILITY = YES;
				ENABLE_USER_SCRIPT_SANDBOXING = YES;
				GCC_C_LANGUAGE_STANDARD = gnu17;
				GCC_DYNAMIC_NO_PIC = NO;
				GCC_NO_COMMON_BLOCKS = YES;
				GCC_OPTIMIZATION_LEVEL = 0;
				GCC_PREPROCESSOR_DEFINITIONS = (
					"DEBUG=1",
					"$(inherited)",
				);
				GCC_WARN_64_TO_32_BIT_CONVERSION = YES;
				GCC_WARN_ABOUT_RETURN_TYPE = YES_ERROR;
				GCC_WARN_UNDECLARED_SELECTOR = YES;
				GCC_WARN_UNINITIALIZED_AUTOS = YES_AGGRESSIVE;
				GCC_WARN_UNUSED_FUNCTION = YES;
				GCC_WARN_UNUSED_VARIABLE = YES;
				IPHONEOS_DEPLOYMENT_TARGET = 17.0;
				LOCALIZATION_PREFERS_STRING_CATALOGS = YES;
				MTL_ENABLE_DEBUG_INFO = INCLUDE_SOURCE;
				MTL_FAST_MATH = YES;
				ONLY_ACTIVE_ARCH = YES;
				SDKROOT = iphoneos;
				STRING_CATALOG_GENERATE_SYMBOLS = YES;
				SWIFT_ACTIVE_COMPILATION_CONDITIONS = "DEBUG $(inherited)";
				SWIFT_OPTIMIZATION_LEVEL = "-Onone";
			};
			name = Debug;
		};
		F92AB75D2E028DEF00F98574 /* Release */ = {
			isa = XCBuildConfiguration;
			buildSettings = {
				ALWAYS_SEARCH_USER_PATHS = NO;
				ASSETCATALOG_COMPILER_GENERATE_SWIFT_ASSET_SYMBOL_EXTENSIONS = YES;
				CLANG_ANALYZER_NONNULL = YES;
				CLANG_ANALYZER_NUMBER_OBJECT_CONVERSION = YES_AGGRESSIVE;
				CLANG_CXX_LANGUAGE_STANDARD = "gnu++20";
				CLANG_ENABLE_MODULES = YES;
				CLANG_ENABLE_OBJC_ARC = YES;
				CLANG_ENABLE_OBJC_WEAK = YES;
				CLANG_WARN_BLOCK_CAPTURE_AUTORELEASING = YES;
				CLANG_WARN_BOOL_CONVERSION = YES;
				CLANG_WARN_COMMA = YES;
				CLANG_WARN_CONSTANT_CONVERSION = YES;
				CLANG_WARN_DEPRECATED_OBJC_IMPLEMENTATIONS = YES;
				CLANG_WARN_DIRECT_OBJC_ISA_USAGE = YES_ERROR;
				CLANG_WARN_DOCUMENTATION_COMMENTS = YES;
				CLANG_WARN_EMPTY_BODY = YES;
				CLANG_WARN_ENUM_CONVERSION = YES;
				CLANG_WARN_INFINITE_RECURSION = YES;
				CLANG_WARN_INT_CONVERSION = YES;
				CLANG_WARN_NON_LITERAL_NULL_CONVERSION = YES;
				CLANG_WARN_OBJC_IMPLICIT_RETAIN_SELF = YES;
				CLANG_WARN_OBJC_LITERAL_CONVERSION = YES;
				CLANG_WARN_OBJC_ROOT_CLASS = YES_ERROR;
				CLANG_WARN_QUOTED_INCLUDE_IN_FRAMEWORK_HEADER = YES;
				CLANG_WARN_RANGE_LOOP_ANALYSIS = YES;
				CLANG_WARN_STRICT_PROTOTYPES = YES;
				CLANG_WARN_SUSPICIOUS_MOVE = YES;
				CLANG_WARN_UNGUARDED_AVAILABILITY = YES_AGGRESSIVE;
				CLANG_WARN_UNREACHABLE_CODE = YES;
				CLANG_WARN__DUPLICATE_METHOD_MATCH = YES;
				COPY_PHASE_STRIP = NO;
				DEBUG_INFORMATION_FORMAT = "dwarf-with-dsym";
				ENABLE_NS_ASSERTIONS = NO;
				ENABLE_STRICT_OBJC_MSGSEND = YES;
				ENABLE_USER_SCRIPT_SANDBOXING = YES;
				GCC_C_LANGUAGE_STANDARD = gnu17;
				GCC_NO_COMMON_BLOCKS = YES;
				GCC_WARN_64_TO_32_BIT_CONVERSION = YES;
				GCC_WARN_ABOUT_RETURN_TYPE = YES_ERROR;
				GCC_WARN_UNDECLARED_SELECTOR = YES;
				GCC_WARN_UNINITIALIZED_AUTOS = YES_AGGRESSIVE;
				GCC_WARN_UNUSED_FUNCTION = YES;
				GCC_WARN_UNUSED_VARIABLE = YES;
				IPHONEOS_DEPLOYMENT_TARGET = 17.0;
				LOCALIZATION_PREFERS_STRING_CATALOGS = YES;
				MTL_ENABLE_DEBUG_INFO = NO;
				MTL_FAST_MATH = YES;
				SDKROOT = iphoneos;
				STRING_CATALOG_GENERATE_SYMBOLS = YES;
				SWIFT_COMPILATION_MODE = wholemodule;
				VALIDATE_PRODUCT = YES;
			};
			name = Release;
		};
		F92AB75F2E028DEF00F98574 /* Debug */ = {
			isa = XCBuildConfiguration;
			buildSettings = {
				ASSETCATALOG_COMPILER_APPICON_NAME = AppIcon;
				ASSETCATALOG_COMPILER_GLOBAL_ACCENT_COLOR_NAME = AccentColor;
				CODE_SIGN_ENTITLEMENTS = "Restaurant Demo/Restaurant Demo.entitlements";
				CODE_SIGN_IDENTITY = "Apple Development";
				CODE_SIGN_STYLE = Automatic;
				CURRENT_PROJECT_VERSION = 1;
				DEVELOPMENT_TEAM = TZ498BT5J7;
				ENABLE_PREVIEWS = YES;
				GENERATE_INFOPLIST_FILE = YES;
				INFOPLIST_FILE = "Restaurant-Demo-Info.plist";
				INFOPLIST_KEY_CFBundleDisplayName = "Dumpling House";
				INFOPLIST_KEY_LSApplicationCategoryType = "public.app-category.food-and-drink";
				INFOPLIST_KEY_NSCameraUsageDescription = "This app uses the camera to scan receipts and earn loyalty points.";
				INFOPLIST_KEY_NSMicrophoneUsageDescription = "We need access to your microphone to capture your voice for chat.";
				INFOPLIST_KEY_NSPhotoLibraryUsageDescription = "This app accesses your photo library to select profile pictures and receipt images.";
				INFOPLIST_KEY_NSSpeechRecognitionUsageDescription = "We use speech recognition so you can talk to Dumpling Hero hands-free to ask questions and get help.";
				INFOPLIST_KEY_UIApplicationSceneManifest_Generation = YES;
				INFOPLIST_KEY_UIApplicationSupportsIndirectInputEvents = YES;
				INFOPLIST_KEY_UILaunchScreen_Generation = YES;
				INFOPLIST_KEY_UILaunchStoryboardName = "";
				INFOPLIST_KEY_UIStatusBarStyle = UIStatusBarStyleLightContent;
				INFOPLIST_KEY_UISupportedInterfaceOrientations = UIInterfaceOrientationPortrait;
				INFOPLIST_KEY_UISupportedInterfaceOrientations_iPad = "UIInterfaceOrientationLandscapeLeft UIInterfaceOrientationLandscapeRight UIInterfaceOrientationPortrait UIInterfaceOrientationPortraitUpsideDown";
				IPHONEOS_DEPLOYMENT_TARGET = 17.0;
				LD_RUNPATH_SEARCH_PATHS = (
					"$(inherited)",
					"@executable_path/Frameworks",
				);
				MARKETING_VERSION = 1.0;
				PRODUCT_BUNDLE_IDENTIFIER = bytequack.dumplinghouse;
				PRODUCT_NAME = "$(TARGET_NAME)";
				PROVISIONING_PROFILE_SPECIFIER = "";
				SUPPORTED_PLATFORMS = "iphoneos iphonesimulator";
				SUPPORTS_MACCATALYST = NO;
				SUPPORTS_MAC_DESIGNED_FOR_IPHONE_IPAD = NO;
				SUPPORTS_XR_DESIGNED_FOR_IPHONE_IPAD = NO;
				SWIFT_EMIT_LOC_STRINGS = YES;
				SWIFT_VERSION = 5.0;
				TARGETED_DEVICE_FAMILY = 1;
			};
			name = Debug;
		};
		F92AB7602E028DEF00F98574 /* Release */ = {
			isa = XCBuildConfiguration;
			buildSettings = {
				ASSETCATALOG_COMPILER_APPICON_NAME = AppIcon;
				ASSETCATALOG_COMPILER_GLOBAL_ACCENT_COLOR_NAME = AccentColor;
				CODE_SIGN_ENTITLEMENTS = "Restaurant Demo/Restaurant DemoRelease.entitlements";
				CODE_SIGN_IDENTITY = "Apple Development";
				CODE_SIGN_STYLE = Automatic;
				CURRENT_PROJECT_VERSION = 1;
				DEVELOPMENT_TEAM = TZ498BT5J7;
				ENABLE_PREVIEWS = YES;
				GENERATE_INFOPLIST_FILE = YES;
				INFOPLIST_FILE = "Restaurant-Demo-Info.plist";
				INFOPLIST_KEY_CFBundleDisplayName = "Dumpling House";
				INFOPLIST_KEY_LSApplicationCategoryType = "public.app-category.food-and-drink";
				INFOPLIST_KEY_NSCameraUsageDescription = "This app uses the camera to scan receipts and earn loyalty points.";
				INFOPLIST_KEY_NSMicrophoneUsageDescription = "We need access to your microphone to capture your voice for chat.";
				INFOPLIST_KEY_NSPhotoLibraryUsageDescription = "This app accesses your photo library to select profile pictures and receipt images.";
				INFOPLIST_KEY_NSSpeechRecognitionUsageDescription = "We use speech recognition so you can talk to Dumpling Hero hands-free to ask questions and get help.";
				INFOPLIST_KEY_UIApplicationSceneManifest_Generation = YES;
				INFOPLIST_KEY_UIApplicationSupportsIndirectInputEvents = YES;
				INFOPLIST_KEY_UILaunchScreen_Generation = YES;
				INFOPLIST_KEY_UILaunchStoryboardName = "";
				INFOPLIST_KEY_UIStatusBarStyle = UIStatusBarStyleLightContent;
				INFOPLIST_KEY_UISupportedInterfaceOrientations = UIInterfaceOrientationPortrait;
				INFOPLIST_KEY_UISupportedInterfaceOrientations_iPad = "UIInterfaceOrientationLandscapeLeft UIInterfaceOrientationLandscapeRight UIInterfaceOrientationPortrait UIInterfaceOrientationPortraitUpsideDown";
				IPHONEOS_DEPLOYMENT_TARGET = 17.0;
				LD_RUNPATH_SEARCH_PATHS = (
					"$(inherited)",
					"@executable_path/Frameworks",
				);
				MARKETING_VERSION = 1.0;
				PRODUCT_BUNDLE_IDENTIFIER = bytequack.dumplinghouse;
				PRODUCT_NAME = "$(TARGET_NAME)";
				PROVISIONING_PROFILE_SPECIFIER = "";
				SUPPORTED_PLATFORMS = "iphoneos iphonesimulator";
				SUPPORTS_MACCATALYST = NO;
				SUPPORTS_MAC_DESIGNED_FOR_IPHONE_IPAD = NO;
				SUPPORTS_XR_DESIGNED_FOR_IPHONE_IPAD = NO;
				SWIFT_EMIT_LOC_STRINGS = YES;
				SWIFT_VERSION = 5.0;
				TARGETED_DEVICE_FAMILY = 1;
			};
			name = Release;
		};
		F92AB7622E028DEF00F98574 /* Debug */ = {
			isa = XCBuildConfiguration;
			buildSettings = {
				BUNDLE_LOADER = "$(TEST_HOST)";
				CODE_SIGN_STYLE = Automatic;
				CURRENT_PROJECT_VERSION = 1;
				GENERATE_INFOPLIST_FILE = YES;
				IPHONEOS_DEPLOYMENT_TARGET = 17.0;
				MARKETING_VERSION = 1.0;
				PRODUCT_BUNDLE_IDENTIFIER = "test.Restaurant-DemoTests";
				PRODUCT_NAME = "$(TARGET_NAME)";
				SWIFT_EMIT_LOC_STRINGS = NO;
				SWIFT_VERSION = 5.0;
				TARGETED_DEVICE_FAMILY = "1,2";
				TEST_HOST = "$(BUILT_PRODUCTS_DIR)/Restaurant Demo.app/$(BUNDLE_EXECUTABLE_FOLDER_PATH)/Restaurant Demo";
			};
			name = Debug;
		};
		F92AB7632E028DEF00F98574 /* Release */ = {
			isa = XCBuildConfiguration;
			buildSettings = {
				BUNDLE_LOADER = "$(TEST_HOST)";
				CODE_SIGN_STYLE = Automatic;
				CURRENT_PROJECT_VERSION = 1;
				GENERATE_INFOPLIST_FILE = YES;
				IPHONEOS_DEPLOYMENT_TARGET = 17.0;
				MARKETING_VERSION = 1.0;
				PRODUCT_BUNDLE_IDENTIFIER = "test.Restaurant-DemoTests";
				PRODUCT_NAME = "$(TARGET_NAME)";
				SWIFT_EMIT_LOC_STRINGS = NO;
				SWIFT_VERSION = 5.0;
				TARGETED_DEVICE_FAMILY = "1,2";
				TEST_HOST = "$(BUILT_PRODUCTS_DIR)/Restaurant Demo.app/$(BUNDLE_EXECUTABLE_FOLDER_PATH)/Restaurant Demo";
			};
			name = Release;
		};
		F92AB7652E028DEF00F98574 /* Debug */ = {
			isa = XCBuildConfiguration;
			buildSettings = {
				CODE_SIGN_STYLE = Automatic;
				CURRENT_PROJECT_VERSION = 1;
				GENERATE_INFOPLIST_FILE = YES;
				MARKETING_VERSION = 1.0;
				PRODUCT_BUNDLE_IDENTIFIER = "test.Restaurant-DemoUITests";
				PRODUCT_NAME = "$(TARGET_NAME)";
				SWIFT_EMIT_LOC_STRINGS = NO;
				SWIFT_VERSION = 5.0;
				TARGETED_DEVICE_FAMILY = "1,2";
				TEST_TARGET_NAME = "Restaurant Demo";
			};
			name = Debug;
		};
		F92AB7662E028DEF00F98574 /* Release */ = {
			isa = XCBuildConfiguration;
			buildSettings = {
				CODE_SIGN_STYLE = Automatic;
				CURRENT_PROJECT_VERSION = 1;
				GENERATE_INFOPLIST_FILE = YES;
				MARKETING_VERSION = 1.0;
				PRODUCT_BUNDLE_IDENTIFIER = "test.Restaurant-DemoUITests";
				PRODUCT_NAME = "$(TARGET_NAME)";
				SWIFT_EMIT_LOC_STRINGS = NO;
				SWIFT_VERSION = 5.0;
				TARGETED_DEVICE_FAMILY = "1,2";
				TEST_TARGET_NAME = "Restaurant Demo";
			};
			name = Release;
		};
/* End XCBuildConfiguration section */

/* Begin XCConfigurationList section */
		F92AB7382E028DEB00F98574 /* Build configuration list for PBXProject "Restaurant Demo" */ = {
			isa = XCConfigurationList;
			buildConfigurations = (
				F92AB75C2E028DEF00F98574 /* Debug */,
				F92AB75D2E028DEF00F98574 /* Release */,
			);
			defaultConfigurationIsVisible = 0;
			defaultConfigurationName = Release;
		};
		F92AB75E2E028DEF00F98574 /* Build configuration list for PBXNativeTarget "Restaurant Demo" */ = {
			isa = XCConfigurationList;
			buildConfigurations = (
				F92AB75F2E028DEF00F98574 /* Debug */,
				F92AB7602E028DEF00F98574 /* Release */,
			);
			defaultConfigurationIsVisible = 0;
			defaultConfigurationName = Release;
		};
		F92AB7612E028DEF00F98574 /* Build configuration list for PBXNativeTarget "Restaurant DemoTests" */ = {
			isa = XCConfigurationList;
			buildConfigurations = (
				F92AB7622E028DEF00F98574 /* Debug */,
				F92AB7632E028DEF00F98574 /* Release */,
			);
			defaultConfigurationIsVisible = 0;
			defaultConfigurationName = Release;
		};
		F92AB7642E028DEF00F98574 /* Build configuration list for PBXNativeTarget "Restaurant DemoUITests" */ = {
			isa = XCConfigurationList;
			buildConfigurations = (
				F92AB7652E028DEF00F98574 /* Debug */,
				F92AB7662E028DEF00F98574 /* Release */,
			);
			defaultConfigurationIsVisible = 0;
			defaultConfigurationName = Release;
		};
/* End XCConfigurationList section */

/* Begin XCRemoteSwiftPackageReference section */
		F9C9DAE32E0AA15A00AC6E59 /* XCRemoteSwiftPackageReference "firebase-ios-sdk" */ = {
			isa = XCRemoteSwiftPackageReference;
			repositoryURL = "https://github.com/firebase/firebase-ios-sdk";
			requirement = {
				kind = upToNextMajorVersion;
				minimumVersion = 11.15.0;
			};
		};
		F9EF63E82E144B0D00BE2D9C /* XCRemoteSwiftPackageReference "Kingfisher" */ = {
			isa = XCRemoteSwiftPackageReference;
			repositoryURL = "https://github.com/onevcat/Kingfisher.git";
			requirement = {
				kind = upToNextMajorVersion;
				minimumVersion = 8.3.3;
			};
		};
/* End XCRemoteSwiftPackageReference section */

/* Begin XCSwiftPackageProductDependency section */
		F9C9DAE42E0AA15A00AC6E59 /* FirebaseAuth */ = {
			isa = XCSwiftPackageProductDependency;
			package = F9C9DAE32E0AA15A00AC6E59 /* XCRemoteSwiftPackageReference "firebase-ios-sdk" */;
			productName = FirebaseAuth;
		};
		F9C9DAE62E0AA15A00AC6E59 /* FirebaseCore */ = {
			isa = XCSwiftPackageProductDependency;
			package = F9C9DAE32E0AA15A00AC6E59 /* XCRemoteSwiftPackageReference "firebase-ios-sdk" */;
			productName = FirebaseCore;
		};
		F9C9DAEA2E0AA24900AC6E59 /* FirebaseFirestore */ = {
			isa = XCSwiftPackageProductDependency;
			package = F9C9DAE32E0AA15A00AC6E59 /* XCRemoteSwiftPackageReference "firebase-ios-sdk" */;
			productName = FirebaseFirestore;
		};
		F9C9DBAD2E0F7B2D00AC6E59 /* FirebaseAI */ = {
			isa = XCSwiftPackageProductDependency;
			package = F9C9DAE32E0AA15A00AC6E59 /* XCRemoteSwiftPackageReference "firebase-ios-sdk" */;
			productName = FirebaseAI;
		};
		F9C9DBAF2E0F7B2D00AC6E59 /* FirebaseAnalytics */ = {
			isa = XCSwiftPackageProductDependency;
			package = F9C9DAE32E0AA15A00AC6E59 /* XCRemoteSwiftPackageReference "firebase-ios-sdk" */;
			productName = FirebaseAnalytics;
		};
		F9C9DBB12E0F7B2D00AC6E59 /* FirebaseAnalyticsCore */ = {
			isa = XCSwiftPackageProductDependency;
			package = F9C9DAE32E0AA15A00AC6E59 /* XCRemoteSwiftPackageReference "firebase-ios-sdk" */;
			productName = FirebaseAnalyticsCore;
		};
		F9C9DBB32E0F7B2D00AC6E59 /* FirebaseAnalyticsIdentitySupport */ = {
			isa = XCSwiftPackageProductDependency;
			package = F9C9DAE32E0AA15A00AC6E59 /* XCRemoteSwiftPackageReference "firebase-ios-sdk" */;
			productName = FirebaseAnalyticsIdentitySupport;
		};
		F9C9DBB52E0F7B2D00AC6E59 /* FirebaseAnalyticsOnDeviceConversion */ = {
			isa = XCSwiftPackageProductDependency;
			package = F9C9DAE32E0AA15A00AC6E59 /* XCRemoteSwiftPackageReference "firebase-ios-sdk" */;
			productName = FirebaseAnalyticsOnDeviceConversion;
		};
		F9C9DBB72E0F7B2D00AC6E59 /* FirebaseAnalyticsWithoutAdIdSupport */ = {
			isa = XCSwiftPackageProductDependency;
			package = F9C9DAE32E0AA15A00AC6E59 /* XCRemoteSwiftPackageReference "firebase-ios-sdk" */;
			productName = FirebaseAnalyticsWithoutAdIdSupport;
		};
		F9C9DBB92E0F7B2D00AC6E59 /* FirebaseAppCheck */ = {
			isa = XCSwiftPackageProductDependency;
			package = F9C9DAE32E0AA15A00AC6E59 /* XCRemoteSwiftPackageReference "firebase-ios-sdk" */;
			productName = FirebaseAppCheck;
		};
		F9C9DBBD2E0F7B2D00AC6E59 /* FirebaseAuthCombine-Community */ = {
			isa = XCSwiftPackageProductDependency;
			package = F9C9DAE32E0AA15A00AC6E59 /* XCRemoteSwiftPackageReference "firebase-ios-sdk" */;
			productName = "FirebaseAuthCombine-Community";
		};
		F9C9DBBF2E0F7B2D00AC6E59 /* FirebaseCrashlytics */ = {
			isa = XCSwiftPackageProductDependency;
			package = F9C9DAE32E0AA15A00AC6E59 /* XCRemoteSwiftPackageReference "firebase-ios-sdk" */;
			productName = FirebaseCrashlytics;
		};
		F9C9DBC12E0F7B2D00AC6E59 /* FirebaseDatabase */ = {
			isa = XCSwiftPackageProductDependency;
			package = F9C9DAE32E0AA15A00AC6E59 /* XCRemoteSwiftPackageReference "firebase-ios-sdk" */;
			productName = FirebaseDatabase;
		};
		F9C9DBC32E0F7B2D00AC6E59 /* FirebaseDynamicLinks */ = {
			isa = XCSwiftPackageProductDependency;
			package = F9C9DAE32E0AA15A00AC6E59 /* XCRemoteSwiftPackageReference "firebase-ios-sdk" */;
			productName = FirebaseDynamicLinks;
		};
		F9C9DBC52E0F7B2D00AC6E59 /* FirebaseFirestoreCombine-Community */ = {
			isa = XCSwiftPackageProductDependency;
			package = F9C9DAE32E0AA15A00AC6E59 /* XCRemoteSwiftPackageReference "firebase-ios-sdk" */;
			productName = "FirebaseFirestoreCombine-Community";
		};
		F9C9DBC72E0F7B2D00AC6E59 /* FirebaseFunctions */ = {
			isa = XCSwiftPackageProductDependency;
			package = F9C9DAE32E0AA15A00AC6E59 /* XCRemoteSwiftPackageReference "firebase-ios-sdk" */;
			productName = FirebaseFunctions;
		};
		F9C9DBC92E0F7B2D00AC6E59 /* FirebaseFunctionsCombine-Community */ = {
			isa = XCSwiftPackageProductDependency;
			package = F9C9DAE32E0AA15A00AC6E59 /* XCRemoteSwiftPackageReference "firebase-ios-sdk" */;
			productName = "FirebaseFunctionsCombine-Community";
		};
		F9C9DBCD2E0F7B2D00AC6E59 /* FirebaseInstallations */ = {
			isa = XCSwiftPackageProductDependency;
			package = F9C9DAE32E0AA15A00AC6E59 /* XCRemoteSwiftPackageReference "firebase-ios-sdk" */;
			productName = FirebaseInstallations;
		};
		F9C9DBCF2E0F7B2D00AC6E59 /* FirebaseMLModelDownloader */ = {
			isa = XCSwiftPackageProductDependency;
			package = F9C9DAE32E0AA15A00AC6E59 /* XCRemoteSwiftPackageReference "firebase-ios-sdk" */;
			productName = FirebaseMLModelDownloader;
		};
		F9C9DBD12E0F7B2D00AC6E59 /* FirebaseMessaging */ = {
			isa = XCSwiftPackageProductDependency;
			package = F9C9DAE32E0AA15A00AC6E59 /* XCRemoteSwiftPackageReference "firebase-ios-sdk" */;
			productName = FirebaseMessaging;
		};
		F9C9DBD32E0F7B2D00AC6E59 /* FirebasePerformance */ = {
			isa = XCSwiftPackageProductDependency;
			package = F9C9DAE32E0AA15A00AC6E59 /* XCRemoteSwiftPackageReference "firebase-ios-sdk" */;
			productName = FirebasePerformance;
		};
		F9C9DBD52E0F7B2D00AC6E59 /* FirebaseRemoteConfig */ = {
			isa = XCSwiftPackageProductDependency;
			package = F9C9DAE32E0AA15A00AC6E59 /* XCRemoteSwiftPackageReference "firebase-ios-sdk" */;
			productName = FirebaseRemoteConfig;
		};
		F9C9DBD72E0F7B2D00AC6E59 /* FirebaseStorage */ = {
			isa = XCSwiftPackageProductDependency;
			package = F9C9DAE32E0AA15A00AC6E59 /* XCRemoteSwiftPackageReference "firebase-ios-sdk" */;
			productName = FirebaseStorage;
		};
		F9C9DBD92E0F7B2D00AC6E59 /* FirebaseStorageCombine-Community */ = {
			isa = XCSwiftPackageProductDependency;
			package = F9C9DAE32E0AA15A00AC6E59 /* XCRemoteSwiftPackageReference "firebase-ios-sdk" */;
			productName = "FirebaseStorageCombine-Community";
		};
		F9C9DBDB2E0F7B2D00AC6E59 /* FirebaseVertexAI */ = {
			isa = XCSwiftPackageProductDependency;
			package = F9C9DAE32E0AA15A00AC6E59 /* XCRemoteSwiftPackageReference "firebase-ios-sdk" */;
			productName = FirebaseVertexAI;
		};
		F9EF63E92E144B0D00BE2D9C /* Kingfisher */ = {
			isa = XCSwiftPackageProductDependency;
			package = F9EF63E82E144B0D00BE2D9C /* XCRemoteSwiftPackageReference "Kingfisher" */;
			productName = Kingfisher;
		};
/* End XCSwiftPackageProductDependency section */
	};
	rootObject = F92AB7352E028DEB00F98574 /* Project object */;
}
